
Microsoft Visual Studio Solution File, Format Version 12.00
# Visual Studio Version 17
VisualStudioVersion = 17.5.33516.290
MinimumVisualStudioVersion = 10.0.40219.1
Project("{9A19103F-16F7-4668-BE54-9A1E7A4F7556}") = "HackKosiceUSBSerial", "HackKosiceUSBSerial\HackKosiceUSBSerial.csproj", "{994D3259-330D-4E0B-9066-42389D35C48D}"
EndProject
Global
	GlobalSection(SolutionConfigurationPlatforms) = preSolution
		Debug|Any CPU = Debug|Any CPU
		Release|Any CPU = Release|Any CPU
	EndGlobalSection
	GlobalSection(ProjectConfigurationPlatforms) = postSolution
		{994D3259-330D-4E0B-9066-42389D35C48D}.Debug|Any CPU.ActiveCfg = Debug|Any CPU
		{994D3259-330D-4E0B-9066-42389D35C48D}.Debug|Any CPU.Build.0 = Debug|Any CPU
		{994D3259-330D-4E0B-9066-42389D35C48D}.Release|Any CPU.ActiveCfg = Release|Any CPU
		{994D3259-330D-4E0B-9066-42389D35C48D}.Release|Any CPU.Build.0 = Release|Any CPU
	EndGlobalSection
	GlobalSection(SolutionProperties) = preSolution
		HideSolutionNode = FALSE
	EndGlobalSection
	GlobalSection(ExtensibilityGlobals) = postSolution
		SolutionGuid = {8DA8E8A9-0890-44E1-A526-BD0530718B8E}
	EndGlobalSection
EndGlobal
